
Microsoft Visual Studio Solution File, Format Version 12.00
# Visual Studio Version 17
VisualStudioVersion = 17.9.34607.119
MinimumVisualStudioVersion = 10.0.40219.1
Project("{FAE04EC0-301F-11D3-BF4B-00C04F79EFBC}") = "FormaHelloTerrainClient", "FormaHelloTerrainClient\FormaHelloTerrainClient.csproj", "{1B334A70-C040-4A9A-806B-2848045EA588}"
EndProject
Global
	GlobalSection(SolutionConfigurationPlatforms) = preSolution
		Debug|Any CPU = Debug|Any CPU
		Release|Any CPU = Release|Any CPU
	EndGlobalSection
	GlobalSection(ProjectConfigurationPlatforms) = postSolution
		{1B334A70-C040-4A9A-806B-2848045EA588}.Debug|Any CPU.ActiveCfg = Debug|Any CPU
		{1B334A70-C040-4A9A-806B-2848045EA588}.Debug|Any CPU.Build.0 = Debug|Any CPU
		{1B334A70-C040-4A9A-806B-2848045EA588}.Release|Any CPU.ActiveCfg = Release|Any CPU
		{1B334A70-C040-4A9A-806B-2848045EA588}.Release|Any CPU.Build.0 = Release|Any CPU
	EndGlobalSection
	GlobalSection(SolutionProperties) = preSolution
		HideSolutionNode = FALSE
	EndGlobalSection
	GlobalSection(ExtensibilityGlobals) = postSolution
		SolutionGuid = {86DB81C9-E478-4DCC-A0B5-9929318E05A0}
	EndGlobalSection
EndGlobal
